dependencies:
- name: loki-distributed
  repository: https://grafana.github.io/helm-charts
  version: 0.80.4
- name: promtail
  repository: https://grafana.github.io/helm-charts
  version: 6.16.6
- name: alloy
  repository: https://grafana.github.io/helm-charts
  version: 1.0.2
digest: sha256:66140160e25bad19cfcde1354c7517a0da7d79ae865e2f5220646cbc53944b7f
generated: "2025-05-01T01:09:42.536022262Z"
