dependencies:
- name: loki-distributed
  repository: https://grafana.github.io/helm-charts
  version: 0.80.5
- name: promtail
  repository: https://grafana.github.io/helm-charts
  version: 6.17.0
- name: alloy
  repository: https://grafana.github.io/helm-charts
  version: 0.12.6
digest: sha256:1038e2de842f9239ba55bb7cbfc84cbb981776174f0749e161e0dac18dfc5b6d
generated: "2025-06-01T01:18:18.378332999Z"
